
Microsoft Visual Studio Solution File, Format Version 12.00
# Visual Studio 15
VisualStudioVersion = 15.0.26124.0
MinimumVisualStudioVersion = 15.0.26124.0
Project("{2150E333-8FDC-42A3-9474-1A3956D46DE8}") = "source", "source", "{8D058E31-11EA-454B-9B05-DD5B9BD186A8}"
EndProject
Project("{FAE04EC0-301F-11D3-BF4B-00C04F79EFBC}") = "NineGag", "source\NineGag\NineGag.csproj", "{5B4B4E2E-E9DF-4B27-9D7E-2364ABCC3680}"
EndProject
Project("{FAE04EC0-301F-11D3-BF4B-00C04F79EFBC}") = "NineGag.Samples.Console", "source\NineGag.Samples.Console\NineGag.Samples.Console.csproj", "{3891FEA2-801C-4413-9F3F-5EDBC23F231F}"
EndProject
Global
	GlobalSection(SolutionConfigurationPlatforms) = preSolution
		Debug|Any CPU = Debug|Any CPU
		Debug|x64 = Debug|x64
		Debug|x86 = Debug|x86
		Release|Any CPU = Release|Any CPU
		Release|x64 = Release|x64
		Release|x86 = Release|x86
	EndGlobalSection
	GlobalSection(SolutionProperties) = preSolution
		HideSolutionNode = FALSE
	EndGlobalSection
	GlobalSection(ProjectConfigurationPlatforms) = postSolution
		{5B4B4E2E-E9DF-4B27-9D7E-2364ABCC3680}.Debug|Any CPU.ActiveCfg = Debug|Any CPU
		{5B4B4E2E-E9DF-4B27-9D7E-2364ABCC3680}.Debug|Any CPU.Build.0 = Debug|Any CPU
		{5B4B4E2E-E9DF-4B27-9D7E-2364ABCC3680}.Debug|x64.ActiveCfg = Debug|Any CPU
		{5B4B4E2E-E9DF-4B27-9D7E-2364ABCC3680}.Debug|x64.Build.0 = Debug|Any CPU
		{5B4B4E2E-E9DF-4B27-9D7E-2364ABCC3680}.Debug|x86.ActiveCfg = Debug|Any CPU
		{5B4B4E2E-E9DF-4B27-9D7E-2364ABCC3680}.Debug|x86.Build.0 = Debug|Any CPU
		{5B4B4E2E-E9DF-4B27-9D7E-2364ABCC3680}.Release|Any CPU.ActiveCfg = Release|Any CPU
		{5B4B4E2E-E9DF-4B27-9D7E-2364ABCC3680}.Release|Any CPU.Build.0 = Release|Any CPU
		{5B4B4E2E-E9DF-4B27-9D7E-2364ABCC3680}.Release|x64.ActiveCfg = Release|Any CPU
		{5B4B4E2E-E9DF-4B27-9D7E-2364ABCC3680}.Release|x64.Build.0 = Release|Any CPU
		{5B4B4E2E-E9DF-4B27-9D7E-2364ABCC3680}.Release|x86.ActiveCfg = Release|Any CPU
		{5B4B4E2E-E9DF-4B27-9D7E-2364ABCC3680}.Release|x86.Build.0 = Release|Any CPU
		{3891FEA2-801C-4413-9F3F-5EDBC23F231F}.Debug|Any CPU.ActiveCfg = Debug|Any CPU
		{3891FEA2-801C-4413-9F3F-5EDBC23F231F}.Debug|Any CPU.Build.0 = Debug|Any CPU
		{3891FEA2-801C-4413-9F3F-5EDBC23F231F}.Debug|x64.ActiveCfg = Debug|Any CPU
		{3891FEA2-801C-4413-9F3F-5EDBC23F231F}.Debug|x64.Build.0 = Debug|Any CPU
		{3891FEA2-801C-4413-9F3F-5EDBC23F231F}.Debug|x86.ActiveCfg = Debug|Any CPU
		{3891FEA2-801C-4413-9F3F-5EDBC23F231F}.Debug|x86.Build.0 = Debug|Any CPU
		{3891FEA2-801C-4413-9F3F-5EDBC23F231F}.Release|Any CPU.ActiveCfg = Release|Any CPU
		{3891FEA2-801C-4413-9F3F-5EDBC23F231F}.Release|Any CPU.Build.0 = Release|Any CPU
		{3891FEA2-801C-4413-9F3F-5EDBC23F231F}.Release|x64.ActiveCfg = Release|Any CPU
		{3891FEA2-801C-4413-9F3F-5EDBC23F231F}.Release|x64.Build.0 = Release|Any CPU
		{3891FEA2-801C-4413-9F3F-5EDBC23F231F}.Release|x86.ActiveCfg = Release|Any CPU
		{3891FEA2-801C-4413-9F3F-5EDBC23F231F}.Release|x86.Build.0 = Release|Any CPU
	EndGlobalSection
	GlobalSection(NestedProjects) = preSolution
		{5B4B4E2E-E9DF-4B27-9D7E-2364ABCC3680} = {8D058E31-11EA-454B-9B05-DD5B9BD186A8}
		{3891FEA2-801C-4413-9F3F-5EDBC23F231F} = {8D058E31-11EA-454B-9B05-DD5B9BD186A8}
	EndGlobalSection
EndGlobal
